PODS:
  - Charts (3.6.0):
    - Charts/Core (= 3.6.0)
  - Charts/Core (3.6.0)
  - Nimble (9.2.0)
  - RxBlocking (6.2.0):
    - RxSwift (= 6.2.0)
  - RxCocoa (6.2.0):
    - RxRelay (= 6.2.0)
    - RxSwift (= 6.2.0)
  - RxNimble (5.1.2):
    - RxNimble/RxBlocking (= 5.1.2)
  - RxNimble/Core (5.1.2):
    - Nimble (~> 9.2)
    - RxSwift (~> 6.0)
  - RxNimble/RxBlocking (5.1.2):
    - RxBlocking
    - RxNimble/Core
  - RxRelay (6.2.0):
    - RxSwift (= 6.2.0)
  - RxSwift (6.2.0)
  - Starscream (4.0.4)

DEPENDENCIES:
  - Charts
  - RxCocoa
  - RxNimble
  - RxSwift
  - Starscream

SPEC REPOS:
  trunk:
    - Charts
    - Nimble
    - RxBlocking
    - RxCocoa
    - RxNimble
    - RxRelay
    - RxSwift
    - Starscream

SPEC CHECKSUMS:
  Charts: b1e3a1f5a1c9ba5394438ca3b91bd8c9076310af
  Nimble: 4f4a345c80b503b3ea13606a4f98405974ee4d0b
  RxBlocking: 0b29f7d2079109a8de49c411381bed7c33ef1eeb
  RxCocoa: 4baf94bb35f2c0ab31bc0cb9f1900155f646ba42
  RxNimble: 60c8162b1518306a11d0c272a65ade133b209670
  RxRelay: e72dbfd157807478401ef1982e1c61c945c94b2f
  RxSwift: d356ab7bee873611322f134c5f9ef379fa183d8f
  Starscream: 5178aed56b316f13fa3bc55694e583d35dd414d9

PODFILE CHECKSUM: 6a042bcbf39e35dba2d3eaca925589327a14ba9e

COCOAPODS: 1.10.1
